hash: 9f3a65118304c63d91cabe0e25623025bfd208da770eff1ef8fe65d81f016dec
updated: 2016-12-11T12:42:47.322309506-08:00
imports: []
testImports:
- name: github.com/franela/goblin
  version: 74c9fe110d4bfd04c222a089a309e0a97e258534
- name: github.com/onsi/gomega
  version: a78ae492d53aad5a7a232d0d0462c14c400e3ee7
  subpackages:
  - format
  - internal/assertion
  - internal/asyncassertion
  - internal/testingtsupport
  - matchers
  - matchers/support/goraph/bipartitegraph
  - matchers/support/goraph/edge
  - matchers/support/goraph/node
  - matchers/support/goraph/util
  - types
