hash: 9f3a65118304c63d91cabe0e25623025bfd208da770eff1ef8fe65d81f016dec
updated: 2016-10-24T22:34:48.673460774-07:00
imports: []
testImports:
- name: github.com/franela/goblin
  version: efa9910a3ea4ccb7ee4b977571318af2e51ba05f
- name: github.com/onsi/gomega
  version: 2152b45fa28a361beba9aab0885972323a444e28
  subpackages:
  - format
  - internal/assertion
  - internal/asyncassertion
  - internal/oraclematcher
  - internal/testingtsupport
  - matchers
  - matchers/support/goraph/bipartitegraph
  - matchers/support/goraph/edge
  - matchers/support/goraph/node
  - matchers/support/goraph/util
  - types
